
Microsoft Visual Studio Solution File, Format Version 12.00
# Visual Studio 2013
VisualStudioVersion = 12.0.40629.0
MinimumVisualStudioVersion = 10.0.40219.1
Project("{8BC9CEB8-8B4A-11D0-8D11-00A0C91BC942}") = "Monitor", "Monitor\Monitor.vcxproj", "{44C0FAEC-6E1C-43B4-9DB6-BA2D9D41EE5F}"
EndProject
Project("{8BC9CEB8-8B4A-11D0-8D11-00A0C91BC942}") = "kernel-driver-win6.0plus", "KSys\KSys.vcxproj", "{479B6CDE-F3C0-4166-B7DE-83E711FDE7B9}"
EndProject
Project("{8BC9CEB8-8B4A-11D0-8D11-00A0C91BC942}") = "KSys Package", "KSys Package\KSys Package.vcxproj", "{234ED105-9EA0-4A04-954F-D7A008CB9D43}"
	ProjectSection(ProjectDependencies) = postProject
		{479B6CDE-F3C0-4166-B7DE-83E711FDE7B9} = {479B6CDE-F3C0-4166-B7DE-83E711FDE7B9}
	EndProjectSection
EndProject
Project("{8BC9CEB8-8B4A-11D0-8D11-00A0C91BC942}") = "DriverCompress", "DriverCompress\DriverCompress.vcxproj", "{68F6F68B-B90D-4E21-8264-DBF2200113D0}"
EndProject
Global
	GlobalSection(SolutionConfigurationPlatforms) = preSolution
		Debug|Mixed Platforms = Debug|Mixed Platforms
		Debug|Win32 = Debug|Win32
		Debug|x64 = Debug|x64
		Release|Mixed Platforms = Release|Mixed Platforms
		Release|Win32 = Release|Win32
		Release|x64 = Release|x64
		Win7 Debug|Mixed Platforms = Win7 Debug|Mixed Platforms
		Win7 Debug|Win32 = Win7 Debug|Win32
		Win7 Debug|x64 = Win7 Debug|x64
		Win7 Release|Mixed Platforms = Win7 Release|Mixed Platforms
		Win7 Release|Win32 = Win7 Release|Win32
		Win7 Release|x64 = Win7 Release|x64
		Win8 Debug|Mixed Platforms = Win8 Debug|Mixed Platforms
		Win8 Debug|Win32 = Win8 Debug|Win32
		Win8 Debug|x64 = Win8 Debug|x64
		Win8 Release|Mixed Platforms = Win8 Release|Mixed Platforms
		Win8 Release|Win32 = Win8 Release|Win32
		Win8 Release|x64 = Win8 Release|x64
		Win8.1 Debug|Mixed Platforms = Win8.1 Debug|Mixed Platforms
		Win8.1 Debug|Win32 = Win8.1 Debug|Win32
		Win8.1 Debug|x64 = Win8.1 Debug|x64
		Win8.1 Release|Mixed Platforms = Win8.1 Release|Mixed Platforms
		Win8.1 Release|Win32 = Win8.1 Release|Win32
		Win8.1 Release|x64 = Win8.1 Release|x64
	EndGlobalSection
	GlobalSection(ProjectConfigurationPlatforms) = postSolution
		{44C0FAEC-6E1C-43B4-9DB6-BA2D9D41EE5F}.Debug|Mixed Platforms.ActiveCfg = Debug|Win32
		{44C0FAEC-6E1C-43B4-9DB6-BA2D9D41EE5F}.Debug|Mixed Platforms.Build.0 = Debug|Win32
		{44C0FAEC-6E1C-43B4-9DB6-BA2D9D41EE5F}.Debug|Win32.ActiveCfg = Debug|Win32
		{44C0FAEC-6E1C-43B4-9DB6-BA2D9D41EE5F}.Debug|Win32.Build.0 = Debug|Win32
		{44C0FAEC-6E1C-43B4-9DB6-BA2D9D41EE5F}.Debug|x64.ActiveCfg = Debug|x64
		{44C0FAEC-6E1C-43B4-9DB6-BA2D9D41EE5F}.Release|Mixed Platforms.ActiveCfg = Release|Win32
		{44C0FAEC-6E1C-43B4-9DB6-BA2D9D41EE5F}.Release|Mixed Platforms.Build.0 = Release|Win32
		{44C0FAEC-6E1C-43B4-9DB6-BA2D9D41EE5F}.Release|Win32.ActiveCfg = Release|Win32
		{44C0FAEC-6E1C-43B4-9DB6-BA2D9D41EE5F}.Release|Win32.Build.0 = Release|Win32
		{44C0FAEC-6E1C-43B4-9DB6-BA2D9D41EE5F}.Release|x64.ActiveCfg = Release|x64
		{44C0FAEC-6E1C-43B4-9DB6-BA2D9D41EE5F}.Release|x64.Build.0 = Release|x64
		{44C0FAEC-6E1C-43B4-9DB6-BA2D9D41EE5F}.Win7 Debug|Mixed Platforms.ActiveCfg = Debug|Win32
		{44C0FAEC-6E1C-43B4-9DB6-BA2D9D41EE5F}.Win7 Debug|Mixed Platforms.Build.0 = Debug|Win32
		{44C0FAEC-6E1C-43B4-9DB6-BA2D9D41EE5F}.Win7 Debug|Win32.ActiveCfg = Debug|Win32
		{44C0FAEC-6E1C-43B4-9DB6-BA2D9D41EE5F}.Win7 Debug|Win32.Build.0 = Debug|Win32
		{44C0FAEC-6E1C-43B4-9DB6-BA2D9D41EE5F}.Win7 Debug|x64.ActiveCfg = Debug|Win32
		{44C0FAEC-6E1C-43B4-9DB6-BA2D9D41EE5F}.Win7 Release|Mixed Platforms.ActiveCfg = Release|Win32
		{44C0FAEC-6E1C-43B4-9DB6-BA2D9D41EE5F}.Win7 Release|Mixed Platforms.Build.0 = Release|Win32
		{44C0FAEC-6E1C-43B4-9DB6-BA2D9D41EE5F}.Win7 Release|Win32.ActiveCfg = Release|Win32
		{44C0FAEC-6E1C-43B4-9DB6-BA2D9D41EE5F}.Win7 Release|Win32.Build.0 = Release|Win32
		{44C0FAEC-6E1C-43B4-9DB6-BA2D9D41EE5F}.Win7 Release|x64.ActiveCfg = Release|Win32
		{44C0FAEC-6E1C-43B4-9DB6-BA2D9D41EE5F}.Win8 Debug|Mixed Platforms.ActiveCfg = Debug|Win32
		{44C0FAEC-6E1C-43B4-9DB6-BA2D9D41EE5F}.Win8 Debug|Mixed Platforms.Build.0 = Debug|Win32
		{44C0FAEC-6E1C-43B4-9DB6-BA2D9D41EE5F}.Win8 Debug|Win32.ActiveCfg = Debug|Win32
		{44C0FAEC-6E1C-43B4-9DB6-BA2D9D41EE5F}.Win8 Debug|Win32.Build.0 = Debug|Win32
		{44C0FAEC-6E1C-43B4-9DB6-BA2D9D41EE5F}.Win8 Debug|x64.ActiveCfg = Debug|Win32
		{44C0FAEC-6E1C-43B4-9DB6-BA2D9D41EE5F}.Win8 Release|Mixed Platforms.ActiveCfg = Release|Win32
		{44C0FAEC-6E1C-43B4-9DB6-BA2D9D41EE5F}.Win8 Release|Mixed Platforms.Build.0 = Release|Win32
		{44C0FAEC-6E1C-43B4-9DB6-BA2D9D41EE5F}.Win8 Release|Win32.ActiveCfg = Release|Win32
		{44C0FAEC-6E1C-43B4-9DB6-BA2D9D41EE5F}.Win8 Release|Win32.Build.0 = Release|Win32
		{44C0FAEC-6E1C-43B4-9DB6-BA2D9D41EE5F}.Win8 Release|x64.ActiveCfg = Release|Win32
		{44C0FAEC-6E1C-43B4-9DB6-BA2D9D41EE5F}.Win8.1 Debug|Mixed Platforms.ActiveCfg = Debug|Win32
		{44C0FAEC-6E1C-43B4-9DB6-BA2D9D41EE5F}.Win8.1 Debug|Mixed Platforms.Build.0 = Debug|Win32
		{44C0FAEC-6E1C-43B4-9DB6-BA2D9D41EE5F}.Win8.1 Debug|Win32.ActiveCfg = Debug|Win32
		{44C0FAEC-6E1C-43B4-9DB6-BA2D9D41EE5F}.Win8.1 Debug|Win32.Build.0 = Debug|Win32
		{44C0FAEC-6E1C-43B4-9DB6-BA2D9D41EE5F}.Win8.1 Debug|x64.ActiveCfg = Debug|Win32
		{44C0FAEC-6E1C-43B4-9DB6-BA2D9D41EE5F}.Win8.1 Release|Mixed Platforms.ActiveCfg = Release|Win32
		{44C0FAEC-6E1C-43B4-9DB6-BA2D9D41EE5F}.Win8.1 Release|Mixed Platforms.Build.0 = Release|Win32
		{44C0FAEC-6E1C-43B4-9DB6-BA2D9D41EE5F}.Win8.1 Release|Win32.ActiveCfg = Release|Win32
		{44C0FAEC-6E1C-43B4-9DB6-BA2D9D41EE5F}.Win8.1 Release|Win32.Build.0 = Release|Win32
		{44C0FAEC-6E1C-43B4-9DB6-BA2D9D41EE5F}.Win8.1 Release|x64.ActiveCfg = Release|Win32
		{479B6CDE-F3C0-4166-B7DE-83E711FDE7B9}.Debug|Mixed Platforms.ActiveCfg = Win8 Debug|Win32
		{479B6CDE-F3C0-4166-B7DE-83E711FDE7B9}.Debug|Mixed Platforms.Build.0 = Win8 Debug|Win32
		{479B6CDE-F3C0-4166-B7DE-83E711FDE7B9}.Debug|Win32.ActiveCfg = Win8.1 Debug|Win32
		{479B6CDE-F3C0-4166-B7DE-83E711FDE7B9}.Debug|Win32.Build.0 = Win8.1 Debug|Win32
		{479B6CDE-F3C0-4166-B7DE-83E711FDE7B9}.Debug|x64.ActiveCfg = Win8.1 Debug|x64
		{479B6CDE-F3C0-4166-B7DE-83E711FDE7B9}.Debug|x64.Build.0 = Win8.1 Debug|x64
		{479B6CDE-F3C0-4166-B7DE-83E711FDE7B9}.Debug|x64.Deploy.0 = Win8.1 Debug|x64
		{479B6CDE-F3C0-4166-B7DE-83E711FDE7B9}.Release|Mixed Platforms.ActiveCfg = Win8 Release|Win32
		{479B6CDE-F3C0-4166-B7DE-83E711FDE7B9}.Release|Mixed Platforms.Build.0 = Win8 Release|Win32
		{479B6CDE-F3C0-4166-B7DE-83E711FDE7B9}.Release|Win32.ActiveCfg = Win8.1 Release|Win32
		{479B6CDE-F3C0-4166-B7DE-83E711FDE7B9}.Release|Win32.Build.0 = Win8.1 Release|Win32
		{479B6CDE-F3C0-4166-B7DE-83E711FDE7B9}.Release|x64.ActiveCfg = Win8.1 Release|x64
		{479B6CDE-F3C0-4166-B7DE-83E711FDE7B9}.Release|x64.Build.0 = Win8.1 Release|x64
		{479B6CDE-F3C0-4166-B7DE-83E711FDE7B9}.Release|x64.Deploy.0 = Win8.1 Release|x64
		{479B6CDE-F3C0-4166-B7DE-83E711FDE7B9}.Win7 Debug|Mixed Platforms.ActiveCfg = Win7 Debug|Win32
		{479B6CDE-F3C0-4166-B7DE-83E711FDE7B9}.Win7 Debug|Mixed Platforms.Build.0 = Win7 Debug|Win32
		{479B6CDE-F3C0-4166-B7DE-83E711FDE7B9}.Win7 Debug|Win32.ActiveCfg = Win7 Debug|Win32
		{479B6CDE-F3C0-4166-B7DE-83E711FDE7B9}.Win7 Debug|Win32.Build.0 = Win7 Debug|Win32
		{479B6CDE-F3C0-4166-B7DE-83E711FDE7B9}.Win7 Debug|x64.ActiveCfg = Win7 Debug|x64
		{479B6CDE-F3C0-4166-B7DE-83E711FDE7B9}.Win7 Debug|x64.Build.0 = Win7 Debug|x64
		{479B6CDE-F3C0-4166-B7DE-83E711FDE7B9}.Win7 Debug|x64.Deploy.0 = Win7 Debug|x64
		{479B6CDE-F3C0-4166-B7DE-83E711FDE7B9}.Win7 Release|Mixed Platforms.ActiveCfg = Win7 Release|Win32
		{479B6CDE-F3C0-4166-B7DE-83E711FDE7B9}.Win7 Release|Mixed Platforms.Build.0 = Win7 Release|Win32
		{479B6CDE-F3C0-4166-B7DE-83E711FDE7B9}.Win7 Release|Win32.ActiveCfg = Win7 Release|Win32
		{479B6CDE-F3C0-4166-B7DE-83E711FDE7B9}.Win7 Release|Win32.Build.0 = Win7 Release|Win32
		{479B6CDE-F3C0-4166-B7DE-83E711FDE7B9}.Win7 Release|x64.ActiveCfg = Win7 Release|x64
		{479B6CDE-F3C0-4166-B7DE-83E711FDE7B9}.Win7 Release|x64.Build.0 = Win7 Release|x64
		{479B6CDE-F3C0-4166-B7DE-83E711FDE7B9}.Win7 Release|x64.Deploy.0 = Win7 Release|x64
		{479B6CDE-F3C0-4166-B7DE-83E711FDE7B9}.Win8 Debug|Mixed Platforms.ActiveCfg = Win8 Debug|Win32
		{479B6CDE-F3C0-4166-B7DE-83E711FDE7B9}.Win8 Debug|Mixed Platforms.Build.0 = Win8 Debug|Win32
		{479B6CDE-F3C0-4166-B7DE-83E711FDE7B9}.Win8 Debug|Win32.ActiveCfg = Win8 Debug|Win32
		{479B6CDE-F3C0-4166-B7DE-83E711FDE7B9}.Win8 Debug|Win32.Build.0 = Win8 Debug|Win32
		{479B6CDE-F3C0-4166-B7DE-83E711FDE7B9}.Win8 Debug|x64.ActiveCfg = Win8 Debug|x64
		{479B6CDE-F3C0-4166-B7DE-83E711FDE7B9}.Win8 Debug|x64.Build.0 = Win8 Debug|x64
		{479B6CDE-F3C0-4166-B7DE-83E711FDE7B9}.Win8 Debug|x64.Deploy.0 = Win8 Debug|x64
		{479B6CDE-F3C0-4166-B7DE-83E711FDE7B9}.Win8 Release|Mixed Platforms.ActiveCfg = Win8 Release|Win32
		{479B6CDE-F3C0-4166-B7DE-83E711FDE7B9}.Win8 Release|Mixed Platforms.Build.0 = Win8 Release|Win32
		{479B6CDE-F3C0-4166-B7DE-83E711FDE7B9}.Win8 Release|Win32.ActiveCfg = Win8 Release|Win32
		{479B6CDE-F3C0-4166-B7DE-83E711FDE7B9}.Win8 Release|Win32.Build.0 = Win8 Release|Win32
		{479B6CDE-F3C0-4166-B7DE-83E711FDE7B9}.Win8 Release|x64.ActiveCfg = Win8 Release|x64
		{479B6CDE-F3C0-4166-B7DE-83E711FDE7B9}.Win8 Release|x64.Build.0 = Win8 Release|x64
		{479B6CDE-F3C0-4166-B7DE-83E711FDE7B9}.Win8 Release|x64.Deploy.0 = Win8 Release|x64
		{479B6CDE-F3C0-4166-B7DE-83E711FDE7B9}.Win8.1 Debug|Mixed Platforms.ActiveCfg = Win8.1 Debug|Win32
		{479B6CDE-F3C0-4166-B7DE-83E711FDE7B9}.Win8.1 Debug|Mixed Platforms.Build.0 = Win8.1 Debug|Win32
		{479B6CDE-F3C0-4166-B7DE-83E711FDE7B9}.Win8.1 Debug|Win32.ActiveCfg = Win8.1 Debug|Win32
		{479B6CDE-F3C0-4166-B7DE-83E711FDE7B9}.Win8.1 Debug|Win32.Build.0 = Win8.1 Debug|Win32
		{479B6CDE-F3C0-4166-B7DE-83E711FDE7B9}.Win8.1 Debug|x64.ActiveCfg = Win8.1 Debug|x64
		{479B6CDE-F3C0-4166-B7DE-83E711FDE7B9}.Win8.1 Debug|x64.Build.0 = Win8.1 Debug|x64
		{479B6CDE-F3C0-4166-B7DE-83E711FDE7B9}.Win8.1 Debug|x64.Deploy.0 = Win8.1 Debug|x64
		{479B6CDE-F3C0-4166-B7DE-83E711FDE7B9}.Win8.1 Release|Mixed Platforms.ActiveCfg = Win8.1 Release|Win32
		{479B6CDE-F3C0-4166-B7DE-83E711FDE7B9}.Win8.1 Release|Mixed Platforms.Build.0 = Win8.1 Release|Win32
		{479B6CDE-F3C0-4166-B7DE-83E711FDE7B9}.Win8.1 Release|Win32.ActiveCfg = Win8.1 Release|Win32
		{479B6CDE-F3C0-4166-B7DE-83E711FDE7B9}.Win8.1 Release|Win32.Build.0 = Win8.1 Release|Win32
		{479B6CDE-F3C0-4166-B7DE-83E711FDE7B9}.Win8.1 Release|x64.ActiveCfg = Win8.1 Release|x64
		{479B6CDE-F3C0-4166-B7DE-83E711FDE7B9}.Win8.1 Release|x64.Build.0 = Win8.1 Release|x64
		{479B6CDE-F3C0-4166-B7DE-83E711FDE7B9}.Win8.1 Release|x64.Deploy.0 = Win8.1 Release|x64
		{234ED105-9EA0-4A04-954F-D7A008CB9D43}.Debug|Mixed Platforms.ActiveCfg = Win8 Debug|Win32
		{234ED105-9EA0-4A04-954F-D7A008CB9D43}.Debug|Mixed Platforms.Build.0 = Win8 Debug|Win32
		{234ED105-9EA0-4A04-954F-D7A008CB9D43}.Debug|Win32.ActiveCfg = Win8.1 Debug|Win32
		{234ED105-9EA0-4A04-954F-D7A008CB9D43}.Debug|Win32.Build.0 = Win8.1 Debug|Win32
		{234ED105-9EA0-4A04-954F-D7A008CB9D43}.Debug|x64.ActiveCfg = Win8.1 Debug|x64
		{234ED105-9EA0-4A04-954F-D7A008CB9D43}.Debug|x64.Build.0 = Win8.1 Debug|x64
		{234ED105-9EA0-4A04-954F-D7A008CB9D43}.Debug|x64.Deploy.0 = Win8.1 Debug|x64
		{234ED105-9EA0-4A04-954F-D7A008CB9D43}.Release|Mixed Platforms.ActiveCfg = Win8 Release|Win32
		{234ED105-9EA0-4A04-954F-D7A008CB9D43}.Release|Mixed Platforms.Build.0 = Win8 Release|Win32
		{234ED105-9EA0-4A04-954F-D7A008CB9D43}.Release|Win32.ActiveCfg = Win8.1 Release|Win32
		{234ED105-9EA0-4A04-954F-D7A008CB9D43}.Release|Win32.Build.0 = Win8.1 Release|Win32
		{234ED105-9EA0-4A04-954F-D7A008CB9D43}.Release|x64.ActiveCfg = Win8.1 Release|x64
		{234ED105-9EA0-4A04-954F-D7A008CB9D43}.Release|x64.Build.0 = Win8.1 Release|x64
		{234ED105-9EA0-4A04-954F-D7A008CB9D43}.Release|x64.Deploy.0 = Win8.1 Release|x64
		{234ED105-9EA0-4A04-954F-D7A008CB9D43}.Win7 Debug|Mixed Platforms.ActiveCfg = Win7 Debug|Win32
		{234ED105-9EA0-4A04-954F-D7A008CB9D43}.Win7 Debug|Mixed Platforms.Build.0 = Win7 Debug|Win32
		{234ED105-9EA0-4A04-954F-D7A008CB9D43}.Win7 Debug|Win32.ActiveCfg = Win7 Debug|Win32
		{234ED105-9EA0-4A04-954F-D7A008CB9D43}.Win7 Debug|Win32.Build.0 = Win7 Debug|Win32
		{234ED105-9EA0-4A04-954F-D7A008CB9D43}.Win7 Debug|x64.ActiveCfg = Win7 Debug|x64
		{234ED105-9EA0-4A04-954F-D7A008CB9D43}.Win7 Debug|x64.Build.0 = Win7 Debug|x64
		{234ED105-9EA0-4A04-954F-D7A008CB9D43}.Win7 Debug|x64.Deploy.0 = Win7 Debug|x64
		{234ED105-9EA0-4A04-954F-D7A008CB9D43}.Win7 Release|Mixed Platforms.ActiveCfg = Win7 Release|Win32
		{234ED105-9EA0-4A04-954F-D7A008CB9D43}.Win7 Release|Mixed Platforms.Build.0 = Win7 Release|Win32
		{234ED105-9EA0-4A04-954F-D7A008CB9D43}.Win7 Release|Win32.ActiveCfg = Win7 Release|Win32
		{234ED105-9EA0-4A04-954F-D7A008CB9D43}.Win7 Release|Win32.Build.0 = Win7 Release|Win32
		{234ED105-9EA0-4A04-954F-D7A008CB9D43}.Win7 Release|x64.ActiveCfg = Win7 Release|x64
		{234ED105-9EA0-4A04-954F-D7A008CB9D43}.Win7 Release|x64.Build.0 = Win7 Release|x64
		{234ED105-9EA0-4A04-954F-D7A008CB9D43}.Win7 Release|x64.Deploy.0 = Win7 Release|x64
		{234ED105-9EA0-4A04-954F-D7A008CB9D43}.Win8 Debug|Mixed Platforms.ActiveCfg = Win8 Debug|Win32
		{234ED105-9EA0-4A04-954F-D7A008CB9D43}.Win8 Debug|Mixed Platforms.Build.0 = Win8 Debug|Win32
		{234ED105-9EA0-4A04-954F-D7A008CB9D43}.Win8 Debug|Win32.ActiveCfg = Win8 Debug|Win32
		{234ED105-9EA0-4A04-954F-D7A008CB9D43}.Win8 Debug|Win32.Build.0 = Win8 Debug|Win32
		{234ED105-9EA0-4A04-954F-D7A008CB9D43}.Win8 Debug|x64.ActiveCfg = Win8 Debug|x64
		{234ED105-9EA0-4A04-954F-D7A008CB9D43}.Win8 Debug|x64.Build.0 = Win8 Debug|x64
		{234ED105-9EA0-4A04-954F-D7A008CB9D43}.Win8 Debug|x64.Deploy.0 = Win8 Debug|x64
		{234ED105-9EA0-4A04-954F-D7A008CB9D43}.Win8 Release|Mixed Platforms.ActiveCfg = Win8 Release|Win32
		{234ED105-9EA0-4A04-954F-D7A008CB9D43}.Win8 Release|Mixed Platforms.Build.0 = Win8 Release|Win32
		{234ED105-9EA0-4A04-954F-D7A008CB9D43}.Win8 Release|Win32.ActiveCfg = Win8 Release|Win32
		{234ED105-9EA0-4A04-954F-D7A008CB9D43}.Win8 Release|Win32.Build.0 = Win8 Release|Win32
		{234ED105-9EA0-4A04-954F-D7A008CB9D43}.Win8 Release|x64.ActiveCfg = Win8 Release|x64
		{234ED105-9EA0-4A04-954F-D7A008CB9D43}.Win8 Release|x64.Build.0 = Win8 Release|x64
		{234ED105-9EA0-4A04-954F-D7A008CB9D43}.Win8 Release|x64.Deploy.0 = Win8 Release|x64
		{234ED105-9EA0-4A04-954F-D7A008CB9D43}.Win8.1 Debug|Mixed Platforms.ActiveCfg = Win8.1 Debug|Win32
		{234ED105-9EA0-4A04-954F-D7A008CB9D43}.Win8.1 Debug|Mixed Platforms.Build.0 = Win8.1 Debug|Win32
		{234ED105-9EA0-4A04-954F-D7A008CB9D43}.Win8.1 Debug|Win32.ActiveCfg = Win8.1 Debug|Win32
		{234ED105-9EA0-4A04-954F-D7A008CB9D43}.Win8.1 Debug|Win32.Build.0 = Win8.1 Debug|Win32
		{234ED105-9EA0-4A04-954F-D7A008CB9D43}.Win8.1 Debug|x64.ActiveCfg = Win8.1 Debug|x64
		{234ED105-9EA0-4A04-954F-D7A008CB9D43}.Win8.1 Debug|x64.Build.0 = Win8.1 Debug|x64
		{234ED105-9EA0-4A04-954F-D7A008CB9D43}.Win8.1 Debug|x64.Deploy.0 = Win8.1 Debug|x64
		{234ED105-9EA0-4A04-954F-D7A008CB9D43}.Win8.1 Release|Mixed Platforms.ActiveCfg = Win8.1 Release|Win32
		{234ED105-9EA0-4A04-954F-D7A008CB9D43}.Win8.1 Release|Mixed Platforms.Build.0 = Win8.1 Release|Win32
		{234ED105-9EA0-4A04-954F-D7A008CB9D43}.Win8.1 Release|Win32.ActiveCfg = Win8.1 Release|Win32
		{234ED105-9EA0-4A04-954F-D7A008CB9D43}.Win8.1 Release|Win32.Build.0 = Win8.1 Release|Win32
		{234ED105-9EA0-4A04-954F-D7A008CB9D43}.Win8.1 Release|x64.ActiveCfg = Win8.1 Release|x64
		{234ED105-9EA0-4A04-954F-D7A008CB9D43}.Win8.1 Release|x64.Build.0 = Win8.1 Release|x64
		{234ED105-9EA0-4A04-954F-D7A008CB9D43}.Win8.1 Release|x64.Deploy.0 = Win8.1 Release|x64
		{68F6F68B-B90D-4E21-8264-DBF2200113D0}.Debug|Mixed Platforms.ActiveCfg = Debug|Win32
		{68F6F68B-B90D-4E21-8264-DBF2200113D0}.Debug|Mixed Platforms.Build.0 = Debug|Win32
		{68F6F68B-B90D-4E21-8264-DBF2200113D0}.Debug|Win32.ActiveCfg = Debug|Win32
		{68F6F68B-B90D-4E21-8264-DBF2200113D0}.Debug|Win32.Build.0 = Debug|Win32
		{68F6F68B-B90D-4E21-8264-DBF2200113D0}.Debug|x64.ActiveCfg = Debug|Win32
		{68F6F68B-B90D-4E21-8264-DBF2200113D0}.Release|Mixed Platforms.ActiveCfg = Release|Win32
		{68F6F68B-B90D-4E21-8264-DBF2200113D0}.Release|Mixed Platforms.Build.0 = Release|Win32
		{68F6F68B-B90D-4E21-8264-DBF2200113D0}.Release|Win32.ActiveCfg = Release|Win32
		{68F6F68B-B90D-4E21-8264-DBF2200113D0}.Release|Win32.Build.0 = Release|Win32
		{68F6F68B-B90D-4E21-8264-DBF2200113D0}.Release|x64.ActiveCfg = Release|Win32
		{68F6F68B-B90D-4E21-8264-DBF2200113D0}.Win7 Debug|Mixed Platforms.ActiveCfg = Debug|Win32
		{68F6F68B-B90D-4E21-8264-DBF2200113D0}.Win7 Debug|Mixed Platforms.Build.0 = Debug|Win32
		{68F6F68B-B90D-4E21-8264-DBF2200113D0}.Win7 Debug|Win32.ActiveCfg = Debug|Win32
		{68F6F68B-B90D-4E21-8264-DBF2200113D0}.Win7 Debug|Win32.Build.0 = Debug|Win32
		{68F6F68B-B90D-4E21-8264-DBF2200113D0}.Win7 Debug|x64.ActiveCfg = Debug|Win32
		{68F6F68B-B90D-4E21-8264-DBF2200113D0}.Win7 Release|Mixed Platforms.ActiveCfg = Release|Win32
		{68F6F68B-B90D-4E21-8264-DBF2200113D0}.Win7 Release|Mixed Platforms.Build.0 = Release|Win32
		{68F6F68B-B90D-4E21-8264-DBF2200113D0}.Win7 Release|Win32.ActiveCfg = Release|Win32
		{68F6F68B-B90D-4E21-8264-DBF2200113D0}.Win7 Release|Win32.Build.0 = Release|Win32
		{68F6F68B-B90D-4E21-8264-DBF2200113D0}.Win7 Release|x64.ActiveCfg = Release|Win32
		{68F6F68B-B90D-4E21-8264-DBF2200113D0}.Win8 Debug|Mixed Platforms.ActiveCfg = Debug|Win32
		{68F6F68B-B90D-4E21-8264-DBF2200113D0}.Win8 Debug|Mixed Platforms.Build.0 = Debug|Win32
		{68F6F68B-B90D-4E21-8264-DBF2200113D0}.Win8 Debug|Win32.ActiveCfg = Debug|Win32
		{68F6F68B-B90D-4E21-8264-DBF2200113D0}.Win8 Debug|Win32.Build.0 = Debug|Win32
		{68F6F68B-B90D-4E21-8264-DBF2200113D0}.Win8 Debug|x64.ActiveCfg = Debug|Win32
		{68F6F68B-B90D-4E21-8264-DBF2200113D0}.Win8 Release|Mixed Platforms.ActiveCfg = Release|Win32
		{68F6F68B-B90D-4E21-8264-DBF2200113D0}.Win8 Release|Mixed Platforms.Build.0 = Release|Win32
		{68F6F68B-B90D-4E21-8264-DBF2200113D0}.Win8 Release|Win32.ActiveCfg = Release|Win32
		{68F6F68B-B90D-4E21-8264-DBF2200113D0}.Win8 Release|Win32.Build.0 = Release|Win32
		{68F6F68B-B90D-4E21-8264-DBF2200113D0}.Win8 Release|x64.ActiveCfg = Release|Win32
		{68F6F68B-B90D-4E21-8264-DBF2200113D0}.Win8.1 Debug|Mixed Platforms.ActiveCfg = Debug|Win32
		{68F6F68B-B90D-4E21-8264-DBF2200113D0}.Win8.1 Debug|Mixed Platforms.Build.0 = Debug|Win32
		{68F6F68B-B90D-4E21-8264-DBF2200113D0}.Win8.1 Debug|Win32.ActiveCfg = Debug|Win32
		{68F6F68B-B90D-4E21-8264-DBF2200113D0}.Win8.1 Debug|Win32.Build.0 = Debug|Win32
		{68F6F68B-B90D-4E21-8264-DBF2200113D0}.Win8.1 Debug|x64.ActiveCfg = Debug|Win32
		{68F6F68B-B90D-4E21-8264-DBF2200113D0}.Win8.1 Release|Mixed Platforms.ActiveCfg = Release|Win32
		{68F6F68B-B90D-4E21-8264-DBF2200113D0}.Win8.1 Release|Mixed Platforms.Build.0 = Release|Win32
		{68F6F68B-B90D-4E21-8264-DBF2200113D0}.Win8.1 Release|Win32.ActiveCfg = Release|Win32
		{68F6F68B-B90D-4E21-8264-DBF2200113D0}.Win8.1 Release|Win32.Build.0 = Release|Win32
		{68F6F68B-B90D-4E21-8264-DBF2200113D0}.Win8.1 Release|x64.ActiveCfg = Release|Win32
	EndGlobalSection
	GlobalSection(SolutionProperties) = preSolution
		HideSolutionNode = FALSE
	EndGlobalSection
EndGlobal
