<?xml version="1.0" encoding="utf-8"?>
<Project ToolsVersion="4.0" xmlns="http://schemas.microsoft.com/developer/msbuild/2003">
  <ItemGroup>
    <Filter Include="Source Files">
      <UniqueIdentifier>{4FC737F1-C7A5-4376-A066-2A32D752A2FF}</UniqueIdentifier>
      <Extensions>cpp;c;cc;cxx;def;odl;idl;hpj;bat;asm;asmx</Extensions>
    </Filter>
    <Filter Include="Header Files">
      <UniqueIdentifier>{93995380-89BD-4b04-88EB-625FBE52EBFB}</UniqueIdentifier>
      <Extensions>h;hh;hpp;hxx;hm;inl;inc;xsd</Extensions>
    </Filter>
    <Filter Include="Resource Files">
      <UniqueIdentifier>{67DA6AB6-F800-4c08-8B7A-83BB121AAD01}</UniqueIdentifier>
      <Extensions>rc;ico;cur;bmp;dlg;rc2;rct;bin;rgs;gif;jpg;jpeg;jpe;resx;tiff;tif;png;wav;mfcribbon-ms</Extensions>
    </Filter>
  </ItemGroup>
  <ItemGroup>
    <Text Include="ReadMe.txt" />
  </ItemGroup>
  <ItemGroup>
    <ClInclude Include="Monitor.h">
      <Filter>Header Files</Filter>
    </ClInclude>
    <ClInclude Include="MonitorDlg.h">
      <Filter>Header Files</Filter>
    </ClInclude>
    <ClInclude Include="stdafx.h">
      <Filter>Header Files</Filter>
    </ClInclude>
    <ClInclude Include="targetver.h">
      <Filter>Header Files</Filter>
    </ClInclude>
    <ClInclude Include="Resource.h">
      <Filter>Header Files</Filter>
    </ClInclude>
    <ClInclude Include="global.h">
      <Filter>Header Files</Filter>
    </ClInclude>
    <ClInclude Include="ntapi.h">
      <Filter>Header Files</Filter>
    </ClInclude>
    <ClInclude Include="ldrntapi.h">
      <Filter>Header Files</Filter>
    </ClInclude>
    <ClInclude Include="util.h">
      <Filter>Header Files</Filter>
    </ClInclude>
    <ClInclude Include="reg.h">
      <Filter>Header Files</Filter>
    </ClInclude>
    <ClInclude Include="kernel.h">
      <Filter>Header Files</Filter>
    </ClInclude>
    <ClInclude Include="InfoBasicaHost.h">
      <Filter>Header Files</Filter>
    </ClInclude>
    <ClInclude Include="ListarRegistro.h">
      <Filter>Header Files</Filter>
    </ClInclude>
    <ClInclude Include="NtfsScanner.h">
      <Filter>Header Files</Filter>
    </ClInclude>
    <ClInclude Include="Volumenes.h">
      <Filter>Header Files</Filter>
    </ClInclude>
    <ClInclude Include="KernelProcessExplorer.h">
      <Filter>Header Files</Filter>
    </ClInclude>
    <ClInclude Include="MemInformation.h">
      <Filter>Header Files</Filter>
    </ClInclude>
    <ClInclude Include="DriverObjectInformation.h">
      <Filter>Header Files</Filter>
    </ClInclude>
    <ClInclude Include="KemmObj.h">
      <Filter>Header Files</Filter>
    </ClInclude>
    <ClInclude Include="FileInformationNtfs.h">
      <Filter>Header Files</Filter>
    </ClInclude>
    <ClInclude Include="KernelThreadExplorer.h">
      <Filter>Header Files</Filter>
    </ClInclude>
  </ItemGroup>
  <ItemGroup>
    <ClCompile Include="Monitor.cpp">
      <Filter>Source Files</Filter>
    </ClCompile>
    <ClCompile Include="MonitorDlg.cpp">
      <Filter>Source Files</Filter>
    </ClCompile>
    <ClCompile Include="stdafx.cpp">
      <Filter>Source Files</Filter>
    </ClCompile>
    <ClCompile Include="ldrntapi.cpp">
      <Filter>Source Files</Filter>
    </ClCompile>
    <ClCompile Include="util.cpp">
      <Filter>Source Files</Filter>
    </ClCompile>
    <ClCompile Include="reg.cpp">
      <Filter>Source Files</Filter>
    </ClCompile>
    <ClCompile Include="kernel.cpp">
      <Filter>Source Files</Filter>
    </ClCompile>
    <ClCompile Include="InfoBasicaHost.cpp">
      <Filter>Source Files</Filter>
    </ClCompile>
    <ClCompile Include="ListarRegistro.cpp">
      <Filter>Source Files</Filter>
    </ClCompile>
    <ClCompile Include="NtfsScanner.cpp">
      <Filter>Source Files</Filter>
    </ClCompile>
    <ClCompile Include="Volumenes.cpp">
      <Filter>Source Files</Filter>
    </ClCompile>
    <ClCompile Include="KernelProcessExplorer.cpp">
      <Filter>Source Files</Filter>
    </ClCompile>
    <ClCompile Include="MemInformation.cpp">
      <Filter>Source Files</Filter>
    </ClCompile>
    <ClCompile Include="DriverObjectInformation.cpp">
      <Filter>Source Files</Filter>
    </ClCompile>
    <ClCompile Include="KemmObj.cpp">
      <Filter>Source Files</Filter>
    </ClCompile>
    <ClCompile Include="KernelThreadExplorer.cpp">
      <Filter>Source Files</Filter>
    </ClCompile>
  </ItemGroup>
  <ItemGroup>
    <ResourceCompile Include="Monitor.rc">
      <Filter>Resource Files</Filter>
    </ResourceCompile>
  </ItemGroup>
  <ItemGroup>
    <None Include="res\Monitor.rc2">
      <Filter>Resource Files</Filter>
    </None>
  </ItemGroup>
  <ItemGroup>
    <Image Include="res\Monitor.ico">
      <Filter>Resource Files</Filter>
    </Image>
    <Image Include="res\icon1.ico">
      <Filter>Resource Files</Filter>
    </Image>
    <Image Include="..\recursos_imagen_etc\104.ico">
      <Filter>Resource Files</Filter>
    </Image>
    <Image Include="res\icon2.ico">
      <Filter>Resource Files</Filter>
    </Image>
    <Image Include="..\recursos_imagen_etc\103.ico">
      <Filter>Resource Files</Filter>
    </Image>
    <Image Include="..\recursos_imagen_etc\105.ico">
      <Filter>Resource Files</Filter>
    </Image>
    <Image Include="..\recursos_imagen_etc\108.ico">
      <Filter>Resource Files</Filter>
    </Image>
    <Image Include="..\recursos_imagen_etc\107.ico">
      <Filter>Resource Files</Filter>
    </Image>
    <Image Include="..\recursos_imagen_etc\116.ico">
      <Filter>Resource Files</Filter>
    </Image>
    <Image Include="..\recursos_imagen_etc\131.ico">
      <Filter>Resource Files</Filter>
    </Image>
    <Image Include="..\recursos_imagen_etc\140.ico">
      <Filter>Resource Files</Filter>
    </Image>
    <Image Include="..\recursos_imagen_etc\148.ico">
      <Filter>Resource Files</Filter>
    </Image>
    <Image Include="..\recursos_imagen_etc\109.ico">
      <Filter>Resource Files</Filter>
    </Image>
    <Image Include="..\recursos_imagen_etc\117.ico">
      <Filter>Resource Files</Filter>
    </Image>
    <Image Include="..\recursos_imagen_etc\111.ico">
      <Filter>Resource Files</Filter>
    </Image>
    <Image Include="..\recursos_imagen_etc\icon13.ico">
      <Filter>Resource Files</Filter>
    </Image>
    <Image Include="..\recursos_imagen_etc\101.ico">
      <Filter>Resource Files</Filter>
    </Image>
    <Image Include="..\recursos_imagen_etc\102.ico">
      <Filter>Resource Files</Filter>
    </Image>
    <Image Include="..\recursos_imagen_etc\120.ico">
      <Filter>Resource Files</Filter>
    </Image>
  </ItemGroup>
</Project>